
Microsoft Visual Studio Solution File, Format Version 12.00
# Visual Studio Version 17
VisualStudioVersion = 17.11.35303.130
MinimumVisualStudioVersion = 10.0.40219.1
Project("{FAE04EC0-301F-11D3-BF4B-00C04F79EFBC}") = "selection_sort", "selection_sort.csproj", "{F3EB0CE4-37EA-4068-ADEF-509CA23B220F}"
EndProject
Global
	GlobalSection(SolutionConfigurationPlatforms) = preSolution
		Debug|Any CPU = Debug|Any CPU
		Release|Any CPU = Release|Any CPU
	EndGlobalSection
	GlobalSection(ProjectConfigurationPlatforms) = postSolution
		{F3EB0CE4-37EA-4068-ADEF-509CA23B220F}.Debug|Any CPU.ActiveCfg = Debug|Any CPU
		{F3EB0CE4-37EA-4068-ADEF-509CA23B220F}.Debug|Any CPU.Build.0 = Debug|Any CPU
		{F3EB0CE4-37EA-4068-ADEF-509CA23B220F}.Release|Any CPU.ActiveCfg = Release|Any CPU
		{F3EB0CE4-37EA-4068-ADEF-509CA23B220F}.Release|Any CPU.Build.0 = Release|Any CPU
	EndGlobalSection
	GlobalSection(SolutionProperties) = preSolution
		HideSolutionNode = FALSE
	EndGlobalSection
	GlobalSection(ExtensibilityGlobals) = postSolution
		SolutionGuid = {8BA46387-3368-48E6-AAC7-80ABF0C074F6}
	EndGlobalSection
EndGlobal
